
Microsoft Visual Studio Solution File, Format Version 12.00
# Visual Studio 15
VisualStudioVersion = 15.0.28010.2016
MinimumVisualStudioVersion = 10.0.40219.1
Project("{FAE04EC0-301F-11D3-BF4B-00C04F79EFBC}") = "TemperatureParser", "Lab8\TemperatureParser.csproj", "{300D8595-7205-478E-98DD-25DF734EBF6C}"
EndProject
Global
	GlobalSection(SolutionConfigurationPlatforms) = preSolution
		Debug|Any CPU = Debug|Any CPU
		Release|Any CPU = Release|Any CPU
	EndGlobalSection
	GlobalSection(ProjectConfigurationPlatforms) = postSolution
		{300D8595-7205-478E-98DD-25DF734EBF6C}.Debug|Any CPU.ActiveCfg = Debug|Any CPU
		{300D8595-7205-478E-98DD-25DF734EBF6C}.Debug|Any CPU.Build.0 = Debug|Any CPU
		{300D8595-7205-478E-98DD-25DF734EBF6C}.Release|Any CPU.ActiveCfg = Release|Any CPU
		{300D8595-7205-478E-98DD-25DF734EBF6C}.Release|Any CPU.Build.0 = Release|Any CPU
	EndGlobalSection
	GlobalSection(SolutionProperties) = preSolution
		HideSolutionNode = FALSE
	EndGlobalSection
	GlobalSection(ExtensibilityGlobals) = postSolution
		SolutionGuid = {84EFFFB3-02F4-435A-891F-D9A6B23E8EB9}
	EndGlobalSection
EndGlobal
