
Microsoft Visual Studio Solution File, Format Version 12.00
# Visual Studio Version 16
VisualStudioVersion = 16.0.29025.244
MinimumVisualStudioVersion = 10.0.40219.1
Project("{9A19103F-16F7-4668-BE54-9A1E7A4F7556}") = "TestingLab1", "TestingLab1\TestingLab1.csproj", "{9EC9B610-996F-4791-B1E3-10F720C0AA7F}"
EndProject
Global
	GlobalSection(SolutionConfigurationPlatforms) = preSolution
		Debug|Any CPU = Debug|Any CPU
		Release|Any CPU = Release|Any CPU
	EndGlobalSection
	GlobalSection(ProjectConfigurationPlatforms) = postSolution
		{9EC9B610-996F-4791-B1E3-10F720C0AA7F}.Debug|Any CPU.ActiveCfg = Debug|Any CPU
		{9EC9B610-996F-4791-B1E3-10F720C0AA7F}.Debug|Any CPU.Build.0 = Debug|Any CPU
		{9EC9B610-996F-4791-B1E3-10F720C0AA7F}.Release|Any CPU.ActiveCfg = Release|Any CPU
		{9EC9B610-996F-4791-B1E3-10F720C0AA7F}.Release|Any CPU.Build.0 = Release|Any CPU
	EndGlobalSection
	GlobalSection(SolutionProperties) = preSolution
		HideSolutionNode = FALSE
	EndGlobalSection
	GlobalSection(ExtensibilityGlobals) = postSolution
		SolutionGuid = {9FD0E891-477D-4FE3-9AF5-485992C90629}
	EndGlobalSection
EndGlobal
